
Microsoft Visual Studio Solution File, Format Version 12.00
# Visual Studio 15
VisualStudioVersion = 15.0.28307.1433
MinimumVisualStudioVersion = 10.0.40219.1
Project("{FAE04EC0-301F-11D3-BF4B-00C04F79EFBC}") = "PercobaanLap", "PercobaanLap\PercobaanLap.csproj", "{7D3F574C-21E4-4C12-BD15-C09F6AB9E0C9}"
EndProject
Global
	GlobalSection(SolutionConfigurationPlatforms) = preSolution
		Debug|Any CPU = Debug|Any CPU
		Release|Any CPU = Release|Any CPU
	EndGlobalSection
	GlobalSection(ProjectConfigurationPlatforms) = postSolution
		{7D3F574C-21E4-4C12-BD15-C09F6AB9E0C9}.Debug|Any CPU.ActiveCfg = Debug|Any CPU
		{7D3F574C-21E4-4C12-BD15-C09F6AB9E0C9}.Debug|Any CPU.Build.0 = Debug|Any CPU
		{7D3F574C-21E4-4C12-BD15-C09F6AB9E0C9}.Release|Any CPU.ActiveCfg = Release|Any CPU
		{7D3F574C-21E4-4C12-BD15-C09F6AB9E0C9}.Release|Any CPU.Build.0 = Release|Any CPU
	EndGlobalSection
	GlobalSection(SolutionProperties) = preSolution
		HideSolutionNode = FALSE
	EndGlobalSection
	GlobalSection(ExtensibilityGlobals) = postSolution
		SolutionGuid = {0054C0E8-7865-490B-861A-8907F1F4BB0A}
	EndGlobalSection
EndGlobal
